
Microsoft Visual Studio Solution File, Format Version 12.00
# Visual Studio Version 17
VisualStudioVersion = 17.13.35931.197
MinimumVisualStudioVersion = 10.0.40219.1
Project("{FAE04EC0-301F-11D3-BF4B-00C04F79EFBC}") = "BlazorHiPrint", "BlazorApp1\BlazorHiPrint\BlazorHiPrint.csproj", "{CD361750-B22E-457E-83BD-13C7286DF528}"
EndProject
Project("{FAE04EC0-301F-11D3-BF4B-00C04F79EFBC}") = "BlazorHiPrint.Client", "BlazorApp1\BlazorHiPrint.Client\BlazorHiPrint.Client.csproj", "{87147BBC-85C3-4879-BE63-57FD13E64276}"
EndProject
Global
	GlobalSection(SolutionConfigurationPlatforms) = preSolution
		Debug|Any CPU = Debug|Any CPU
		Release|Any CPU = Release|Any CPU
	EndGlobalSection
	GlobalSection(ProjectConfigurationPlatforms) = postSolution
		{CD361750-B22E-457E-83BD-13C7286DF528}.Debug|Any CPU.ActiveCfg = Debug|Any CPU
		{CD361750-B22E-457E-83BD-13C7286DF528}.Debug|Any CPU.Build.0 = Debug|Any CPU
		{CD361750-B22E-457E-83BD-13C7286DF528}.Release|Any CPU.ActiveCfg = Release|Any CPU
		{CD361750-B22E-457E-83BD-13C7286DF528}.Release|Any CPU.Build.0 = Release|Any CPU
		{87147BBC-85C3-4879-BE63-57FD13E64276}.Debug|Any CPU.ActiveCfg = Debug|Any CPU
		{87147BBC-85C3-4879-BE63-57FD13E64276}.Debug|Any CPU.Build.0 = Debug|Any CPU
		{87147BBC-85C3-4879-BE63-57FD13E64276}.Release|Any CPU.ActiveCfg = Release|Any CPU
		{87147BBC-85C3-4879-BE63-57FD13E64276}.Release|Any CPU.Build.0 = Release|Any CPU
	EndGlobalSection
	GlobalSection(SolutionProperties) = preSolution
		HideSolutionNode = FALSE
	EndGlobalSection
	GlobalSection(ExtensibilityGlobals) = postSolution
		SolutionGuid = {B79C22C0-3A69-48B1-B1D0-DA07F03ED0EB}
	EndGlobalSection
EndGlobal
